
Microsoft Visual Studio Solution File, Format Version 12.00
# Visual Studio Version 16
VisualStudioVersion = 16.0.30320.27
MinimumVisualStudioVersion = 10.0.40219.1
Project("{9A19103F-16F7-4668-BE54-9A1E7A4F7556}") = "CookBookMVC", "CookBookMVC\CookBookMVC.csproj", "{77DA1E81-1EB1-4693-BEA8-7251C7D8BD3F}"
EndProject
Project("{9A19103F-16F7-4668-BE54-9A1E7A4F7556}") = "Repository", "Repository\Repository.csproj", "{3EB67ED7-02AB-4E89-8D11-E208E6932C5F}"
EndProject
Project("{9A19103F-16F7-4668-BE54-9A1E7A4F7556}") = "ContextLib", "ContextLib\ContextLib.csproj", "{3296CB03-E436-4F33-A634-3DE11CEBE2D6}"
EndProject
Project("{9A19103F-16F7-4668-BE54-9A1E7A4F7556}") = "Models", "Models\Models.csproj", "{C7341AEB-012A-4509-94E4-17B04F4C283E}"
EndProject
Project("{9A19103F-16F7-4668-BE54-9A1E7A4F7556}") = "LoggerService", "LoggerService\LoggerService.csproj", "{1133F7E3-5435-4875-94FB-5DE94B601525}"
EndProject
Project("{FAE04EC0-301F-11D3-BF4B-00C04F79EFBC}") = "EmailLib", "EmailService\EmailLib.csproj", "{8A33D38C-65E9-4193-A594-7573D45DE018}"
EndProject
Global
	GlobalSection(SolutionConfigurationPlatforms) = preSolution
		Debug|Any CPU = Debug|Any CPU
		Release|Any CPU = Release|Any CPU
	EndGlobalSection
	GlobalSection(ProjectConfigurationPlatforms) = postSolution
		{77DA1E81-1EB1-4693-BEA8-7251C7D8BD3F}.Debug|Any CPU.ActiveCfg = Debug|Any CPU
		{77DA1E81-1EB1-4693-BEA8-7251C7D8BD3F}.Debug|Any CPU.Build.0 = Debug|Any CPU
		{77DA1E81-1EB1-4693-BEA8-7251C7D8BD3F}.Release|Any CPU.ActiveCfg = Release|Any CPU
		{77DA1E81-1EB1-4693-BEA8-7251C7D8BD3F}.Release|Any CPU.Build.0 = Release|Any CPU
		{3EB67ED7-02AB-4E89-8D11-E208E6932C5F}.Debug|Any CPU.ActiveCfg = Debug|Any CPU
		{3EB67ED7-02AB-4E89-8D11-E208E6932C5F}.Debug|Any CPU.Build.0 = Debug|Any CPU
		{3EB67ED7-02AB-4E89-8D11-E208E6932C5F}.Release|Any CPU.ActiveCfg = Release|Any CPU
		{3EB67ED7-02AB-4E89-8D11-E208E6932C5F}.Release|Any CPU.Build.0 = Release|Any CPU
		{3296CB03-E436-4F33-A634-3DE11CEBE2D6}.Debug|Any CPU.ActiveCfg = Debug|Any CPU
		{3296CB03-E436-4F33-A634-3DE11CEBE2D6}.Debug|Any CPU.Build.0 = Debug|Any CPU
		{3296CB03-E436-4F33-A634-3DE11CEBE2D6}.Release|Any CPU.ActiveCfg = Release|Any CPU
		{3296CB03-E436-4F33-A634-3DE11CEBE2D6}.Release|Any CPU.Build.0 = Release|Any CPU
		{C7341AEB-012A-4509-94E4-17B04F4C283E}.Debug|Any CPU.ActiveCfg = Debug|Any CPU
		{C7341AEB-012A-4509-94E4-17B04F4C283E}.Debug|Any CPU.Build.0 = Debug|Any CPU
		{C7341AEB-012A-4509-94E4-17B04F4C283E}.Release|Any CPU.ActiveCfg = Release|Any CPU
		{C7341AEB-012A-4509-94E4-17B04F4C283E}.Release|Any CPU.Build.0 = Release|Any CPU
		{1133F7E3-5435-4875-94FB-5DE94B601525}.Debug|Any CPU.ActiveCfg = Debug|Any CPU
		{1133F7E3-5435-4875-94FB-5DE94B601525}.Debug|Any CPU.Build.0 = Debug|Any CPU
		{1133F7E3-5435-4875-94FB-5DE94B601525}.Release|Any CPU.ActiveCfg = Release|Any CPU
		{1133F7E3-5435-4875-94FB-5DE94B601525}.Release|Any CPU.Build.0 = Release|Any CPU
		{8A33D38C-65E9-4193-A594-7573D45DE018}.Debug|Any CPU.ActiveCfg = Debug|Any CPU
		{8A33D38C-65E9-4193-A594-7573D45DE018}.Debug|Any CPU.Build.0 = Debug|Any CPU
		{8A33D38C-65E9-4193-A594-7573D45DE018}.Release|Any CPU.ActiveCfg = Release|Any CPU
		{8A33D38C-65E9-4193-A594-7573D45DE018}.Release|Any CPU.Build.0 = Release|Any CPU
	EndGlobalSection
	GlobalSection(SolutionProperties) = preSolution
		HideSolutionNode = FALSE
	EndGlobalSection
	GlobalSection(ExtensibilityGlobals) = postSolution
		SolutionGuid = {73C46E2F-CD76-47A1-A21C-17D72E2E169B}
	EndGlobalSection
EndGlobal
